{
  "name": "benchmark-content-index-zenith",
  "lockfileVersion": 3,
  "requires": true,
  "packages": {
    "": {
      "name": "benchmark-content-index-zenith",
      "dependencies": {
        "@zenithbuild/core": "file:../../../../../packages/core"
      }
    },
    "../../../../../packages/core": {
      "name": "@zenithbuild/core",
      "version": "0.7.7",
      "license": "MIT",
      "dependencies": {
        "@zenithbuild/bundler": "0.7.7",
        "@zenithbuild/cli": "0.7.7",
        "@zenithbuild/compiler": "0.7.7",
        "@zenithbuild/router": "0.7.7",
        "@zenithbuild/runtime": "0.7.7"
      },
      "bin": {
        "zenith": "bin/zenith.js"
      },
      "devDependencies": {
        "@jest/globals": "^30.2.0",
        "@types/node": "latest",
        "jest": "^30.2.0",
        "typescript": "^5.7.3"
      }
    },
    "node_modules/@zenithbuild/core": {
      "resolved": "../../../../../packages/core",
      "link": true
    }
  }
}
